<?xml version="1.0" encoding="utf-8"?>
<Project xmlns="http://schemas.microsoft.com/developer/msbuild/2003">
  <ItemGroup>
    <Filter Include="Generated Files">
      <UniqueIdentifier>{71ED8ED8-ACB9-4CE9-BBE1-E00B30144E11}</UniqueIdentifier>
      <Extensions>cpp;c;cxx;moc;h;def;odl;idl;res;</Extensions>
    </Filter>
    <Filter Include="Generated Files">
      <UniqueIdentifier>{71ED8ED8-ACB9-4CE9-BBE1-E00B30144E11}</UniqueIdentifier>
      <Extensions>cpp;c;cxx;moc;h;def;odl;idl;res;</Extensions>
    </Filter>
    <Filter Include="Header Files">
      <UniqueIdentifier>{93995380-89BD-4b04-88EB-625FBE52EBFB}</UniqueIdentifier>
      <Extensions>h;hpp;hxx;hm;inl;inc;xsd</Extensions>
    </Filter>
    <Filter Include="Header Files">
      <UniqueIdentifier>{93995380-89BD-4b04-88EB-625FBE52EBFB}</UniqueIdentifier>
      <Extensions>h;hpp;hxx;hm;inl;inc;xsd</Extensions>
    </Filter>
    <Filter Include="Source Files">
      <UniqueIdentifier>{4FC737F1-C7A5-4376-A066-2A32D752A2FF}</UniqueIdentifier>
      <Extensions>cpp;c;cxx;def;odl;idl;hpj;bat;asm;asmx</Extensions>
    </Filter>
    <Filter Include="Source Files">
      <UniqueIdentifier>{4FC737F1-C7A5-4376-A066-2A32D752A2FF}</UniqueIdentifier>
      <Extensions>cpp;c;cxx;def;odl;idl;hpj;bat;asm;asmx</Extensions>
    </Filter>
    <Filter Include="deepsort">
      <UniqueIdentifier>{5ae9d71a-6f2f-4306-a563-4dda7bf437d1}</UniqueIdentifier>
    </Filter>
    <Filter Include="deepsort\munkres">
      <UniqueIdentifier>{13a78e32-2204-40e1-b269-c430a72a479c}</UniqueIdentifier>
    </Filter>
    <Filter Include="deepsort\munkres\adapters">
      <UniqueIdentifier>{9d90b58e-e39b-4191-afb4-6ca37596b4e7}</UniqueIdentifier>
    </Filter>
  </ItemGroup>
  <ItemGroup>
    <ClCompile Include="Main.cpp">
      <Filter>Source Files</Filter>
    </ClCompile>
    <ClCompile Include="deepsort\munkres\adapters\adapter.cpp">
      <Filter>deepsort\munkres\adapters</Filter>
    </ClCompile>
    <ClCompile Include="deepsort\munkres\adapters\boostmatrixadapter.cpp">
      <Filter>deepsort\munkres\adapters</Filter>
    </ClCompile>
    <ClCompile Include="deepsort\munkres\munkres.cpp">
      <Filter>deepsort\munkres</Filter>
    </ClCompile>
  </ItemGroup>
  <ItemGroup>
    <ClInclude Include="StrCommon.h">
      <Filter>Header Files</Filter>
    </ClInclude>
    <ClInclude Include="deepsort\Detection.h">
      <Filter>deepsort</Filter>
    </ClInclude>
    <ClInclude Include="deepsort\linear_assignment.h">
      <Filter>deepsort</Filter>
    </ClInclude>
    <ClInclude Include="deepsort\nn_matching.h">
      <Filter>deepsort</Filter>
    </ClInclude>
    <ClInclude Include="deepsort\tracker.h">
      <Filter>deepsort</Filter>
    </ClInclude>
    <ClInclude Include="deepsort\iou_matching.h">
      <Filter>deepsort</Filter>
    </ClInclude>
    <ClInclude Include="deepsort\KalmanTracker.h">
      <Filter>deepsort</Filter>
    </ClInclude>
    <ClInclude Include="deepsort\FeatureGetter.h">
      <Filter>deepsort</Filter>
    </ClInclude>
    <ClInclude Include="deepsort\munkres\adapters\adapter.h">
      <Filter>deepsort\munkres\adapters</Filter>
    </ClInclude>
    <ClInclude Include="deepsort\munkres\adapters\boostmatrixadapter.h">
      <Filter>deepsort\munkres\adapters</Filter>
    </ClInclude>
    <ClInclude Include="deepsort\munkres\matrix.h">
      <Filter>deepsort\munkres</Filter>
    </ClInclude>
    <ClInclude Include="deepsort\munkres\munkres.h">
      <Filter>deepsort\munkres</Filter>
    </ClInclude>
    <ClInclude Include="deepsort\HungarianOper.h">
      <Filter>deepsort</Filter>
    </ClInclude>
  </ItemGroup>
  <ItemGroup>
    <CustomBuild Include="debug\moc_predefs.h.cbt">
      <Filter>Generated Files</Filter>
    </CustomBuild>
    <CustomBuild Include="release\moc_predefs.h.cbt">
      <Filter>Generated Files</Filter>
    </CustomBuild>
  </ItemGroup>
</Project>